
Microsoft Visual Studio Solution File, Format Version 12.00
# Visual Studio Version 17
VisualStudioVersion = 17.14.36327.8 d17.14
MinimumVisualStudioVersion = 10.0.40219.1
Project("{FAE04EC0-301F-11D3-BF4B-00C04F79EFBC}") = "MauiApp1TestMicro", "MauiApp1TestMicro\MauiApp1TestMicro.csproj", "{6812CCCF-4B9A-4DE5-8D73-9B9428EFA3E3}"
EndProject
Global
	GlobalSection(SolutionConfigurationPlatforms) = preSolution
		Debug|Any CPU = Debug|Any CPU
		Release|Any CPU = Release|Any CPU
	EndGlobalSection
	GlobalSection(ProjectConfigurationPlatforms) = postSolution
		{6812CCCF-4B9A-4DE5-8D73-9B9428EFA3E3}.Debug|Any CPU.ActiveCfg = Debug|Any CPU
		{6812CCCF-4B9A-4DE5-8D73-9B9428EFA3E3}.Debug|Any CPU.Build.0 = Debug|Any CPU
		{6812CCCF-4B9A-4DE5-8D73-9B9428EFA3E3}.Release|Any CPU.ActiveCfg = Release|Any CPU
		{6812CCCF-4B9A-4DE5-8D73-9B9428EFA3E3}.Release|Any CPU.Build.0 = Release|Any CPU
	EndGlobalSection
	GlobalSection(SolutionProperties) = preSolution
		HideSolutionNode = FALSE
	EndGlobalSection
	GlobalSection(ExtensibilityGlobals) = postSolution
		SolutionGuid = {AD8D8A2F-ACE2-482F-82C6-AE2D7EAD0139}
	EndGlobalSection
EndGlobal
